# This file was autogenerated by Stack.
# You should not edit this file by hand.
# For more information, please see the documentation at:
#   https://docs.haskellstack.org/en/stable/lock_files

packages:
- completed:
    hackage: gogol-0.5.0@sha256:01b38acf97ae0afb2465935fee1bebce03c1b84e629cf0887467be7ae361f0a7,3222
    pantry-tree:
      sha256: ab472e169f12b97837cdfca2262b2d6fb569ae17876cbc10e97186944a401866
      size: 1243
  original:
    hackage: gogol-0.5.0
- completed:
    hackage: gogol-core-0.5.0@sha256:d4efdd3070fe3a9af49a612b068fc046c927981d00ba22aa1f434009a886d64c,2938
    pantry-tree:
      sha256: e29911adc9223be0a5e82fc1ecbe9883d6fe12a5870e8c06896e1459adebd7b6
      size: 686
  original:
    hackage: gogol-core-0.5.0
- completed:
    hackage: gogol-monitoring-0.5.0@sha256:6cb43146909ca4f3087ca18d2fffbb36049f427f9b354c11cd827a6c0f6ae1ff,4380
    pantry-tree:
      sha256: 70b33aeef9b3f13a9b1a27aa5bc24abd3b8eb95027795936a2830ceca62f6e6f
      size: 4720
  original:
    hackage: gogol-monitoring-0.5.0
snapshots:
- completed:
    sha256: 637fb77049b25560622a224845b7acfe81a09fdb6a96a3c75997a10b651667f6
    size: 534126
    url: https://raw.githubusercontent.com/commercialhaskell/stackage-snapshots/master/lts/16/31.yaml
  original:
    url: https://raw.githubusercontent.com/commercialhaskell/stackage-snapshots/master/lts/16/31.yaml
